// !$*UTF8*$!
{
	archiveVersion = 1;
	classes = {
	};
	objectVersion = 48;
	objects = {

/* Begin PBXBuildFile section */
		8D7F32D32056D64900E087AA /* AppDelegate.swift in Sources */ = {isa = PBXBuildFile; fileRef = 8D7F32D22056D64900E087AA /* AppDelegate.swift */; };
		8D7F32D52056D64900E087AA /* TodoListViewController.swift in Sources */ = {isa = PBXBuildFile; fileRef = 8D7F32D42056D64900E087AA /* TodoListViewController.swift */; };
		8D7F32D82056D64900E087AA /* Main.storyboard in Resources */ = {isa = PBXBuildFile; fileRef = 8D7F32D62056D64900E087AA /* Main.storyboard */; };
		8D7F32DA2056D64900E087AA /* Assets.xcassets in Resources */ = {isa = PBXBuildFile; fileRef = 8D7F32D92056D64900E087AA /* Assets.xcassets */; };
		8D7F32DD2056D64900E087AA /* LaunchScreen.storyboard in Resources */ = {isa = PBXBuildFile; fileRef = 8D7F32DB2056D64900E087AA /* LaunchScreen.storyboard */; };
		8D7F32E5205D83C000E087AA /* item.swift in Sources */ = {isa = PBXBuildFile; fileRef = 8D7F32E4205D83C000E087AA /* item.swift */; };
/* End PBXBuildFile section */

/* Begin PBXFileReference section */
		8D7F32CF2056D64900E087AA /* Mytodolist.app */ = {isa = PBXFileReference; explicitFileType = wrapper.application; includeInIndex = 0; path = Mytodolist.app; sourceTree = BUILT_PRODUCTS_DIR; };
		8D7F32D22056D64900E087AA /* AppDelegate.swift */ = {isa = PBXFileReference; lastKnownFileType = sourcecode.swift; path = AppDelegate.swift; sourceTree = "<group>"; };
		8D7F32D42056D64900E087AA /* TodoListViewController.swift */ = {isa = PBXFileReference; lastKnownFileType = sourcecode.swift; path = TodoListViewController.swift; sourceTree = "<group>"; };
		8D7F32D72056D64900E087AA /* Base */ = {isa = PBXFileReference; lastKnownFileType = file.storyboard; name = Base; path = Base.lproj/Main.storyboard; sourceTree = "<group>"; };
		8D7F32D92056D64900E087AA /* Assets.xcassets */ = {isa = PBXFileReference; lastKnownFileType = folder.assetcatalog; path = Assets.xcassets; sourceTree = "<group>"; };
		8D7F32DC2056D64900E087AA /* Base */ = {isa = PBXFileReference; lastKnownFileType = file.storyboard; name = Base; path = Base.lproj/LaunchScreen.storyboard; sourceTree = "<group>"; };
		8D7F32DE2056D64900E087AA /* Info.plist */ = {isa = PBXFileReference; lastKnownFileType = text.plist.xml; path = Info.plist; sourceTree = "<group>"; };
		8D7F32E4205D83C000E087AA /* item.swift */ = {isa = PBXFileReference; lastKnownFileType = sourcecode.swift; path = item.swift; sourceTree = "<group>"; };
/* End PBXFileReference section */

/* Begin PBXFrameworksBuildPhase section */
		8D7F32CC2056D64900E087AA /* Frameworks */ = {
			isa = PBXFrameworksBuildPhase;
			buildActionMask = 2147483647;
			files = (
			);
			runOnlyForDeploymentPostprocessing = 0;
		};
/* End PBXFrameworksBuildPhase section */

/* Begin PBXGroup section */
		8D7F32C62056D64900E087AA = {
			isa = PBXGroup;
			children = (
				8D7F32D12056D64900E087AA /* Mytodolist */,
				8D7F32D02056D64900E087AA /* Products */,
			);
			sourceTree = "<group>";
		};
		8D7F32D02056D64900E087AA /* Products */ = {
			isa = PBXGroup;
			children = (
				8D7F32CF2056D64900E087AA /* Mytodolist.app */,
			);
			name = Products;
			sourceTree = "<group>";
		};
		8D7F32D12056D64900E087AA /* Mytodolist */ = {
			isa = PBXGroup;
			children = (
				8D7F32D22056D64900E087AA /* AppDelegate.swift */,
				8D7F32E8205D841D00E087AA /* Views */,
				8D7F32E7205D83F000E087AA /* Controllers */,
				8D7F32E9205D843500E087AA /* Supporting Files */,
				8D7F32DE2056D64900E087AA /* Info.plist */,
				8D7F32E6205D83CC00E087AA /* Data Model */,
			);
			path = Mytodolist;
			sourceTree = "<group>";
		};
		8D7F32E6205D83CC00E087AA /* Data Model */ = {
			isa = PBXGroup;
			children = (
				8D7F32E4205D83C000E087AA /* item.swift */,
			);
			path = "Data Model";
			sourceTree = "<group>";
		};
		8D7F32E7205D83F000E087AA /* Controllers */ = {
			isa = PBXGroup;
			children = (
				8D7F32D42056D64900E087AA /* TodoListViewController.swift */,
			);
			path = Controllers;
			sourceTree = "<group>";
		};
		8D7F32E8205D841D00E087AA /* Views */ = {
			isa = PBXGroup;
			children = (
				8D7F32D62056D64900E087AA /* Main.storyboard */,
			);
			path = Views;
			sourceTree = "<group>";
		};
		8D7F32E9205D843500E087AA /* Supporting Files */ = {
			isa = PBXGroup;
			children = (
				8D7F32D92056D64900E087AA /* Assets.xcassets */,
				8D7F32DB2056D64900E087AA /* LaunchScreen.storyboard */,
			);
			path = "Supporting Files";
			sourceTree = "<group>";
		};
/* End PBXGroup section */

/* Begin PBXNativeTarget section */
		8D7F32CE2056D64900E087AA /* Mytodolist */ = {
			isa = PBXNativeTarget;
			buildConfigurationList = 8D7F32E12056D64900E087AA /* Build configuration list for PBXNativeTarget "Mytodolist" */;
			buildPhases = (
				8D7F32CB2056D64900E087AA /* Sources */,
				8D7F32CC2056D64900E087AA /* Frameworks */,
				8D7F32CD2056D64900E087AA /* Resources */,
			);
			buildRules = (
			);
			dependencies = (
			);
			name = Mytodolist;
			productName = Mytodolist;
			productReference = 8D7F32CF2056D64900E087AA /* Mytodolist.app */;
			productType = "com.apple.product-type.application";
		};
/* End PBXNativeTarget section */

/* Begin PBXProject section */
		8D7F32C72056D64900E087AA /* Project object */ = {
			isa = PBXProject;
			attributes = {
				LastSwiftUpdateCheck = 0920;
				LastUpgradeCheck = 0920;
				ORGANIZATIONNAME = "TarunKumar Runwal";
				TargetAttributes = {
					8D7F32CE2056D64900E087AA = {
						CreatedOnToolsVersion = 9.2;
						ProvisioningStyle = Automatic;
					};
				};
			};
			buildConfigurationList = 8D7F32CA2056D64900E087AA /* Build configuration list for PBXProject "Mytodolist" */;
			compatibilityVersion = "Xcode 8.0";
			developmentRegion = en;
			hasScannedForEncodings = 0;
			knownRegions = (
				en,
				Base,
			);
			mainGroup = 8D7F32C62056D64900E087AA;
			productRefGroup = 8D7F32D02056D64900E087AA /* Products */;
			projectDirPath = "";
			projectRoot = "";
			targets = (
				8D7F32CE2056D64900E087AA /* Mytodolist */,
			);
		};
/* End PBXProject section */

/* Begin PBXResourcesBuildPhase section */
		8D7F32CD2056D64900E087AA /* Resources */ = {
			isa = PBXResourcesBuildPhase;
			buildActionMask = 2147483647;
			files = (
				8D7F32DD2056D64900E087AA /* LaunchScreen.storyboard in Resources */,
				8D7F32DA2056D64900E087AA /* Assets.xcassets in Resources */,
				8D7F32D82056D64900E087AA /* Main.storyboard in Resources */,
			);
			runOnlyForDeploymentPostprocessing = 0;
		};
/* End PBXResourcesBuildPhase section */

/* Begin PBXSourcesBuildPhase section */
		8D7F32CB2056D64900E087AA /* Sources */ = {
			isa = PBXSourcesBuildPhase;
			buildActionMask = 2147483647;
			files = (
				8D7F32D52056D64900E087AA /* TodoListViewController.swift in Sources */,
				8D7F32E5205D83C000E087AA /* item.swift in Sources */,
				8D7F32D32056D64900E087AA /* AppDelegate.swift in Sources */,
			);
			runOnlyForDeploymentPostprocessing = 0;
		};
/* End PBXSourcesBuildPhase section */

/* Begin PBXVariantGroup section */
		8D7F32D62056D64900E087AA /* Main.storyboard */ = {
			isa = PBXVariantGroup;
			children = (
				8D7F32D72056D64900E087AA /* Base */,
			);
			name = Main.storyboard;
			sourceTree = "<group>";
		};
		8D7F32DB2056D64900E087AA /* LaunchScreen.storyboard */ = {
			isa = PBXVariantGroup;
			children = (
				8D7F32DC2056D64900E087AA /* Base */,
			);
			name = LaunchScreen.storyboard;
			sourceTree = "<group>";
		};
/* End PBXVariantGroup section */

/* Begin XCBuildConfiguration section */
		8D7F32DF2056D64900E087AA /* Debug */ = {
			isa = XCBuildConfiguration;
			buildSettings = {
				ALWAYS_SEARCH_USER_PATHS = NO;
				CLANG_ANALYZER_NONNULL = YES;
				CLANG_ANALYZER_NUMBER_OBJECT_CONVERSION = YES_AGGRESSIVE;
				CLANG_CXX_LANGUAGE_STANDARD = "gnu++14";
				CLANG_CXX_LIBRARY = "libc++";
				CLANG_ENABLE_MODULES = YES;
				CLANG_ENABLE_OBJC_ARC = YES;
				CLANG_WARN_BLOCK_CAPTURE_AUTORELEASING = YES;
				CLANG_WARN_BOOL_CONVERSION = YES;
				CLANG_WARN_COMMA = YES;
				CLANG_WARN_CONSTANT_CONVERSION = YES;
				CLANG_WARN_DIRECT_OBJC_ISA_USAGE = YES_ERROR;
				CLANG_WARN_DOCUMENTATION_COMMENTS = YES;
				CLANG_WARN_EMPTY_BODY = YES;
				CLANG_WARN_ENUM_CONVERSION = YES;
				CLANG_WARN_INFINITE_RECURSION = YES;
				CLANG_WARN_INT_CONVERSION = YES;
				CLANG_WARN_NON_LITERAL_NULL_CONVERSION = YES;
				CLANG_WARN_OBJC_LITERAL_CONVERSION = YES;
				CLANG_WARN_OBJC_ROOT_CLASS = YES_ERROR;
				CLANG_WARN_RANGE_LOOP_ANALYSIS = YES;
				CLANG_WARN_STRICT_PROTOTYPES = YES;
				CLANG_WARN_SUSPICIOUS_MOVE = YES;
				CLANG_WARN_UNGUARDED_AVAILABILITY = YES_AGGRESSIVE;
				CLANG_WARN_UNREACHABLE_CODE = YES;
				CLANG_WARN__DUPLICATE_METHOD_MATCH = YES;
				CODE_SIGN_IDENTITY = "iPhone Developer";
				COPY_PHASE_STRIP = NO;
				DEBUG_INFORMATION_FORMAT = dwarf;
				ENABLE_STRICT_OBJC_MSGSEND = YES;
				ENABLE_TESTABILITY = YES;
				GCC_C_LANGUAGE_STANDARD = gnu11;
				GCC_DYNAMIC_NO_PIC = NO;
				GCC_NO_COMMON_BLOCKS = YES;
				GCC_OPTIMIZATION_LEVEL = 0;
				GCC_PREPROCESSOR_DEFINITIONS = (
					"DEBUG=1",
					"$(inherited)",
				);
				GCC_WARN_64_TO_32_BIT_CONVERSION = YES;
				GCC_WARN_ABOUT_RETURN_TYPE = YES_ERROR;
				GCC_WARN_UNDECLARED_SELECTOR = YES;
				GCC_WARN_UNINITIALIZED_AUTOS = YES_AGGRESSIVE;
				GCC_WARN_UNUSED_FUNCTION = YES;
				GCC_WARN_UNUSED_VARIABLE = YES;
				IPHONEOS_DEPLOYMENT_TARGET = 11.2;
				MTL_ENABLE_DEBUG_INFO = YES;
				ONLY_ACTIVE_ARCH = YES;
				SDKROOT = iphoneos;
				SWIFT_ACTIVE_COMPILATION_CONDITIONS = DEBUG;
				SWIFT_OPTIMIZATION_LEVEL = "-Onone";
			};
			name = Debug;
		};
		8D7F32E02056D64900E087AA /* Release */ = {
			isa = XCBuildConfiguration;
			buildSettings = {
				ALWAYS_SEARCH_USER_PATHS = NO;
				CLANG_ANALYZER_NONNULL = YES;
				CLANG_ANALYZER_NUMBER_OBJECT_CONVERSION = YES_AGGRESSIVE;
				CLANG_CXX_LANGUAGE_STANDARD = "gnu++14";
				CLANG_CXX_LIBRARY = "libc++";
				CLANG_ENABLE_MODULES = YES;
				CLANG_ENABLE_OBJC_ARC = YES;
				CLANG_WARN_BLOCK_CAPTURE_AUTORELEASING = YES;
				CLANG_WARN_BOOL_CONVERSION = YES;
				CLANG_WARN_COMMA = YES;
				CLANG_WARN_CONSTANT_CONVERSION = YES;
				CLANG_WARN_DIRECT_OBJC_ISA_USAGE = YES_ERROR;
				CLANG_WARN_DOCUMENTATION_COMMENTS = YES;
				CLANG_WARN_EMPTY_BODY = YES;
				CLANG_WARN_ENUM_CONVERSION = YES;
				CLANG_WARN_INFINITE_RECURSION = YES;
				CLANG_WARN_INT_CONVERSION = YES;
				CLANG_WARN_NON_LITERAL_NULL_CONVERSION = YES;
				CLANG_WARN_OBJC_LITERAL_CONVERSION = YES;
				CLANG_WARN_OBJC_ROOT_CLASS = YES_ERROR;
				CLANG_WARN_RANGE_LOOP_ANALYSIS = YES;
				CLANG_WARN_STRICT_PROTOTYPES = YES;
				CLANG_WARN_SUSPICIOUS_MOVE = YES;
				CLANG_WARN_UNGUARDED_AVAILABILITY = YES_AGGRESSIVE;
				CLANG_WARN_UNREACHABLE_CODE = YES;
				CLANG_WARN__DUPLICATE_METHOD_MATCH = YES;
				CODE_SIGN_IDENTITY = "iPhone Developer";
				COPY_PHASE_STRIP = NO;
				DEBUG_INFORMATION_FORMAT = "dwarf-with-dsym";
				ENABLE_NS_ASSERTIONS = NO;
				ENABLE_STRICT_OBJC_MSGSEND = YES;
				GCC_C_LANGUAGE_STANDARD = gnu11;
				GCC_NO_COMMON_BLOCKS = YES;
				GCC_WARN_64_TO_32_BIT_CONVERSION = YES;
				GCC_WARN_ABOUT_RETURN_TYPE = YES_ERROR;
				GCC_WARN_UNDECLARED_SELECTOR = YES;
				GCC_WARN_UNINITIALIZED_AUTOS = YES_AGGRESSIVE;
				GCC_WARN_UNUSED_FUNCTION = YES;
				GCC_WARN_UNUSED_VARIABLE = YES;
				IPHONEOS_DEPLOYMENT_TARGET = 11.2;
				MTL_ENABLE_DEBUG_INFO = NO;
				SDKROOT = iphoneos;
				SWIFT_OPTIMIZATION_LEVEL = "-Owholemodule";
				VALIDATE_PRODUCT = YES;
			};
			name = Release;
		};
		8D7F32E22056D64900E087AA /* Debug */ = {
			isa = XCBuildConfiguration;
			buildSettings = {
				ASSETCATALOG_COMPILER_APPICON_NAME = AppIcon;
				CODE_SIGN_STYLE = Automatic;
				DEVELOPMENT_TEAM = QYN5Y7T74H;
				INFOPLIST_FILE = Mytodolist/Info.plist;
				LD_RUNPATH_SEARCH_PATHS = "$(inherited) @executable_path/Frameworks";
				PRODUCT_BUNDLE_IDENTIFIER = tarun.Mytodolist;
				PRODUCT_NAME = "$(TARGET_NAME)";
				SWIFT_VERSION = 4.0;
				TARGETED_DEVICE_FAMILY = "1,2";
			};
			name = Debug;
		};
		8D7F32E32056D64900E087AA /* Release */ = {
			isa = XCBuildConfiguration;
			buildSettings = {
				ASSETCATALOG_COMPILER_APPICON_NAME = AppIcon;
				CODE_SIGN_STYLE = Automatic;
				DEVELOPMENT_TEAM = QYN5Y7T74H;
				INFOPLIST_FILE = Mytodolist/Info.plist;
				LD_RUNPATH_SEARCH_PATHS = "$(inherited) @executable_path/Frameworks";
				PRODUCT_BUNDLE_IDENTIFIER = tarun.Mytodolist;
				PRODUCT_NAME = "$(TARGET_NAME)";
				SWIFT_VERSION = 4.0;
				TARGETED_DEVICE_FAMILY = "1,2";
			};
			name = Release;
		};
/* End XCBuildConfiguration section */

/* Begin XCConfigurationList section */
		8D7F32CA2056D64900E087AA /* Build configuration list for PBXProject "Mytodolist" */ = {
			isa = XCConfigurationList;
			buildConfigurations = (
				8D7F32DF2056D64900E087AA /* Debug */,
				8D7F32E02056D64900E087AA /* Release */,
			);
			defaultConfigurationIsVisible = 0;
			defaultConfigurationName = Release;
		};
		8D7F32E12056D64900E087AA /* Build configuration list for PBXNativeTarget "Mytodolist" */ = {
			isa = XCConfigurationList;
			buildConfigurations = (
				8D7F32E22056D64900E087AA /* Debug */,
				8D7F32E32056D64900E087AA /* Release */,
			);
			defaultConfigurationIsVisible = 0;
			defaultConfigurationName = Release;
		};
/* End XCConfigurationList section */
	};
	rootObject = 8D7F32C72056D64900E087AA /* Project object */;
}
